%{
  "blake2": {:git, "https://github.com/riverrun/blake2_elixir.git", "bed86aa0477ce064ef62a34f783064a342a218f8", []},
  "blake2_elixir": {:git, "https://github.com/riverrun/blake2_elixir.git", "bed86aa0477ce064ef62a34f783064a342a218f8", []},
  "crc": {:hex, :crc, "0.9.1", "0b1ee24ca7bcadd687edb3494dbdc560fafa86f4ab7229cee03ebdd5c24fe702", [:mix, :rebar3], [{:elixir_make, "~> 0.4", [hex: :elixir_make, repo: "hexpm", optional: false]}], "hexpm"},
  "elixir_make": {:hex, :elixir_make, "0.5.2", "96a28c79f5b8d34879cd95ebc04d2a0d678cfbbd3e74c43cb63a76adf0ee8054", [:mix], [], "hexpm"},
  "keccakf1600": {:hex, :keccakf1600_orig, "2.0.0", "0a7217ddb3ee8220d449bbf7575ec39d4e967099f220a91e3dfca4dbaef91963", [:rebar3], [], "hexpm"},
  "libdecaf": {:hex, :libdecaf, "1.0.0", "3003f64cbdaf534f62f4489ba4b911b8fa7c9bee6c325ffbc372fc11357cc174", [:rebar3], [], "hexpm"},
  "libsecp256k1": {:hex, :libsecp256k1, "0.1.10", "d27495e2b9851c7765129b76c53b60f5e275bd6ff68292c50536bf6b8d091a4d", [:make, :mix], [{:mix_erlang_tasks, "0.1.0", [hex: :mix_erlang_tasks, repo: "hexpm", optional: false]}], "hexpm"},
  "mix_erlang_tasks": {:hex, :mix_erlang_tasks, "0.1.0", "36819fec60b80689eb1380938675af215565a89320a9e29c72c70d97512e4649", [:mix], [], "hexpm"},
  "poison": {:hex, :poison, "3.1.0", "d9eb636610e096f86f25d9a46f35a9facac35609a7591b3be3326e99a0484665", [:mix], [], "hexpm"},
}
